{
    "name": "scraper",
    "version": "1.0.0",
    "lockfileVersion": 2,
    "requires": true,
    "packages": {
        "": {
            "name": "scraper",
            "version": "1.0.0",
            "license": "ISC",
            "dependencies": {
                "youtubei": "^0.0.1-rc.27"
            }
        },
        "node_modules/youtubei": {
            "version": "0.0.1-rc.35",
            "resolved": "https://registry.npmjs.org/youtubei/-/youtubei-0.0.1-rc.35.tgz",
            "integrity": "sha512-OXq3/7s6rhT0ejwbQm5r3uW0qCs6PUhboMFy3ZdUx4JdSY2WDr44DOdKtzPh4D8prHhqB/Q2NZMyEiFNHZFPlA=="
        }
    },
    "dependencies": {
        "youtubei": {
            "version": "0.0.1-rc.35",
            "resolved": "https://registry.npmjs.org/youtubei/-/youtubei-0.0.1-rc.35.tgz",
            "integrity": "sha512-OXq3/7s6rhT0ejwbQm5r3uW0qCs6PUhboMFy3ZdUx4JdSY2WDr44DOdKtzPh4D8prHhqB/Q2NZMyEiFNHZFPlA=="
        }
    }
}
